
Microsoft Visual Studio Solution File, Format Version 12.00
# Visual Studio 15
VisualStudioVersion = 15.0.28307.168
MinimumVisualStudioVersion = 10.0.40219.1
Project("{FAE04EC0-301F-11D3-BF4B-00C04F79EFBC}") = "XConcept1.Android", "XConcept1\XConcept1.Android\XConcept1.Android.csproj", "{63884EA5-B0C7-43F9-A92E-8647418D3CD0}"
EndProject
Project("{FAE04EC0-301F-11D3-BF4B-00C04F79EFBC}") = "XConcept1", "XConcept1\XConcept1\XConcept1.csproj", "{916442BF-433D-4627-8FE9-775254A6990E}"
EndProject
Global
	GlobalSection(SolutionConfigurationPlatforms) = preSolution
		Debug|Any CPU = Debug|Any CPU
		Release|Any CPU = Release|Any CPU
	EndGlobalSection
	GlobalSection(ProjectConfigurationPlatforms) = postSolution
		{63884EA5-B0C7-43F9-A92E-8647418D3CD0}.Debug|Any CPU.ActiveCfg = Debug|Any CPU
		{63884EA5-B0C7-43F9-A92E-8647418D3CD0}.Debug|Any CPU.Build.0 = Debug|Any CPU
		{63884EA5-B0C7-43F9-A92E-8647418D3CD0}.Debug|Any CPU.Deploy.0 = Debug|Any CPU
		{63884EA5-B0C7-43F9-A92E-8647418D3CD0}.Release|Any CPU.ActiveCfg = Release|Any CPU
		{63884EA5-B0C7-43F9-A92E-8647418D3CD0}.Release|Any CPU.Build.0 = Release|Any CPU
		{63884EA5-B0C7-43F9-A92E-8647418D3CD0}.Release|Any CPU.Deploy.0 = Release|Any CPU
		{916442BF-433D-4627-8FE9-775254A6990E}.Debug|Any CPU.ActiveCfg = Debug|Any CPU
		{916442BF-433D-4627-8FE9-775254A6990E}.Debug|Any CPU.Build.0 = Debug|Any CPU
		{916442BF-433D-4627-8FE9-775254A6990E}.Debug|Any CPU.Deploy.0 = Debug|Any CPU
		{916442BF-433D-4627-8FE9-775254A6990E}.Release|Any CPU.ActiveCfg = Release|Any CPU
		{916442BF-433D-4627-8FE9-775254A6990E}.Release|Any CPU.Build.0 = Release|Any CPU
		{916442BF-433D-4627-8FE9-775254A6990E}.Release|Any CPU.Deploy.0 = Release|Any CPU
	EndGlobalSection
	GlobalSection(SolutionProperties) = preSolution
		HideSolutionNode = FALSE
	EndGlobalSection
	GlobalSection(ExtensibilityGlobals) = postSolution
		SolutionGuid = {BC44AD34-3C24-4B14-BD69-4952C01603F1}
	EndGlobalSection
EndGlobal
